<?xml version="1.0" encoding="utf-8"?>
<Project ToolsVersion="4.0" xmlns="http://schemas.microsoft.com/developer/msbuild/2003">
  <ItemGroup>
    <ClCompile Include="Actor.cpp" />
    <ClCompile Include="Background.cpp" />
    <ClCompile Include="Block.cpp" />
    <ClCompile Include="Blocks.cpp" />
    <ClCompile Include="Font.cpp" />
    <ClCompile Include="font_parser.cpp" />
    <ClCompile Include="Globals.cpp" />
    <ClCompile Include="Input.cpp" />
    <ClCompile Include="Main.cpp" />
    <ClCompile Include="Shaders.cpp" />
    <ClCompile Include="Sound.cpp" />
    <ClCompile Include="UserInterface.cpp" />
    <ClCompile Include="Timer.cpp" />
  </ItemGroup>
  <ItemGroup>
    <ClInclude Include="Actor.h" />
    <ClInclude Include="Background.h" />
    <ClInclude Include="Block.h" />
    <ClInclude Include="Blocks.h" />
    <ClInclude Include="Font.h" />
    <ClInclude Include="font_parser.h" />
    <ClInclude Include="Globals.h" />
    <ClInclude Include="Input.h" />
    <ClInclude Include="Shaders.h" />
    <ClInclude Include="Sound.h" />
    <ClInclude Include="stb_truetype.h" />
    <ClInclude Include="UserInterface.h" />
    <ClInclude Include="Timer.h" />
  </ItemGroup>
  <ItemGroup>
    <None Include="Shaders\ADS_fragment.fp" />
    <None Include="Shaders\ADS_fragment.vp" />
    <None Include="Shaders\ADS_vertex.fp" />
    <None Include="Shaders\ADS_vertex.vp" />
    <None Include="Shaders\diffuse_vertex.fp" />
    <None Include="Shaders\diffuse_vertex.vp" />
    <None Include="Shaders\RectReplace.fp" />
    <None Include="Shaders\RectReplace.vp" />
    <None Include="Shaders\UIShader.fp" />
    <None Include="Shaders\UIShader.vp" />
  </ItemGroup>
</Project>